
Microsoft Visual Studio Solution File, Format Version 12.00
# Visual Studio 14
VisualStudioVersion = 14.0.25123.0
MinimumVisualStudioVersion = 10.0.40219.1
Project("{FAE04EC0-301F-11D3-BF4B-00C04F79EFBC}") = "Regnstrom", "Regnstrom\Regnstrom.csproj", "{7DD5592A-A9CD-4F1B-A291-FC6AE4F5BCF8}"
EndProject
Project("{FAE04EC0-301F-11D3-BF4B-00C04F79EFBC}") = "RegnstromTest", "RegnstromTest\RegnstromTest.csproj", "{65532428-1B12-4A79-8F3F-DC696B8B0B49}"
EndProject
Global
	GlobalSection(SolutionConfigurationPlatforms) = preSolution
		Debug|Any CPU = Debug|Any CPU
		Release|Any CPU = Release|Any CPU
	EndGlobalSection
	GlobalSection(ProjectConfigurationPlatforms) = postSolution
		{7DD5592A-A9CD-4F1B-A291-FC6AE4F5BCF8}.Debug|Any CPU.ActiveCfg = Debug|Any CPU
		{7DD5592A-A9CD-4F1B-A291-FC6AE4F5BCF8}.Debug|Any CPU.Build.0 = Debug|Any CPU
		{7DD5592A-A9CD-4F1B-A291-FC6AE4F5BCF8}.Release|Any CPU.ActiveCfg = Release|Any CPU
		{7DD5592A-A9CD-4F1B-A291-FC6AE4F5BCF8}.Release|Any CPU.Build.0 = Release|Any CPU
		{65532428-1B12-4A79-8F3F-DC696B8B0B49}.Debug|Any CPU.ActiveCfg = Debug|Any CPU
		{65532428-1B12-4A79-8F3F-DC696B8B0B49}.Release|Any CPU.ActiveCfg = Release|Any CPU
		{65532428-1B12-4A79-8F3F-DC696B8B0B49}.Release|Any CPU.Build.0 = Release|Any CPU
	EndGlobalSection
	GlobalSection(SolutionProperties) = preSolution
		HideSolutionNode = FALSE
	EndGlobalSection
EndGlobal
